{
  "name": "color-contrast-util",
  "version": "1.0.0",
  "lockfileVersion": 3,
  "requires": true,
  "packages": {
    "": {
      "name": "color-contrast-util",
      "version": "1.0.0",
      "license": "MIT",
      "dependencies": {
        "chroma-js": "^2.4.2"
      }
    },
    "node_modules/chroma-js": {
      "version": "2.6.0",
      "resolved": "https://registry.npmjs.org/chroma-js/-/chroma-js-2.6.0.tgz",
      "integrity": "sha512-BLHvCB9s8Z1EV4ethr6xnkl/P2YRFOGqfgvuMG/MyCbZPrTA+NeiByY6XvgF0zP4/2deU2CXnWyMa3zu1LqQ3A==",
      "license": "(BSD-3-Clause AND Apache-2.0)"
    }
  }
}
